
Microsoft Visual Studio Solution File, Format Version 12.00
# Visual Studio Version 17
VisualStudioVersion = 17.4.33205.214
MinimumVisualStudioVersion = 10.0.40219.1
Project("{9A19103F-16F7-4668-BE54-9A1E7A4F7556}") = "LoanApplication", "LoanApplication.csproj", "{ED1EA17B-AADD-4772-95E0-C4D662321822}"
EndProject
Project("{FAE04EC0-301F-11D3-BF4B-00C04F79EFBC}") = "CreditassesmenttApi", "..\CreditassesmenttApi\CreditassesmenttApi.csproj", "{263DE721-9932-415C-A832-3DC33D200080}"
EndProject
Global
	GlobalSection(SolutionConfigurationPlatforms) = preSolution
		Debug|Any CPU = Debug|Any CPU
		Release|Any CPU = Release|Any CPU
	EndGlobalSection
	GlobalSection(ProjectConfigurationPlatforms) = postSolution
		{ED1EA17B-AADD-4772-95E0-C4D662321822}.Debug|Any CPU.ActiveCfg = Debug|Any CPU
		{ED1EA17B-AADD-4772-95E0-C4D662321822}.Debug|Any CPU.Build.0 = Debug|Any CPU
		{ED1EA17B-AADD-4772-95E0-C4D662321822}.Release|Any CPU.ActiveCfg = Release|Any CPU
		{ED1EA17B-AADD-4772-95E0-C4D662321822}.Release|Any CPU.Build.0 = Release|Any CPU
		{263DE721-9932-415C-A832-3DC33D200080}.Debug|Any CPU.ActiveCfg = Debug|Any CPU
		{263DE721-9932-415C-A832-3DC33D200080}.Debug|Any CPU.Build.0 = Debug|Any CPU
		{263DE721-9932-415C-A832-3DC33D200080}.Release|Any CPU.ActiveCfg = Release|Any CPU
		{263DE721-9932-415C-A832-3DC33D200080}.Release|Any CPU.Build.0 = Release|Any CPU
	EndGlobalSection
	GlobalSection(SolutionProperties) = preSolution
		HideSolutionNode = FALSE
	EndGlobalSection
	GlobalSection(ExtensibilityGlobals) = postSolution
		SolutionGuid = {C81D42BD-A98D-4C5A-8247-5BE97A5838E3}
	EndGlobalSection
EndGlobal
